
Microsoft Visual Studio Solution File, Format Version 12.00
# Visual Studio Version 17
VisualStudioVersion = 17.7.34024.191
MinimumVisualStudioVersion = 10.0.40219.1
Project("{FAE04EC0-301F-11D3-BF4B-00C04F79EFBC}") = "clienteConversor", "WindowsFormsApp1\clienteConversor.csproj", "{097EB96A-C61A-47DF-95AF-EBE31310394F}"
EndProject
Global
	GlobalSection(SolutionConfigurationPlatforms) = preSolution
		Debug|Any CPU = Debug|Any CPU
		Release|Any CPU = Release|Any CPU
	EndGlobalSection
	GlobalSection(ProjectConfigurationPlatforms) = postSolution
		{097EB96A-C61A-47DF-95AF-EBE31310394F}.Debug|Any CPU.ActiveCfg = Debug|Any CPU
		{097EB96A-C61A-47DF-95AF-EBE31310394F}.Debug|Any CPU.Build.0 = Debug|Any CPU
		{097EB96A-C61A-47DF-95AF-EBE31310394F}.Release|Any CPU.ActiveCfg = Release|Any CPU
		{097EB96A-C61A-47DF-95AF-EBE31310394F}.Release|Any CPU.Build.0 = Release|Any CPU
	EndGlobalSection
	GlobalSection(SolutionProperties) = preSolution
		HideSolutionNode = FALSE
	EndGlobalSection
	GlobalSection(ExtensibilityGlobals) = postSolution
		SolutionGuid = {6193E2D5-AB8F-400B-81C5-318636C504EA}
	EndGlobalSection
EndGlobal
